
Microsoft Visual Studio Solution File, Format Version 12.00
# Visual Studio Version 17
VisualStudioVersion = 17.3.32901.215
MinimumVisualStudioVersion = 10.0.40219.1
Project("{FAE04EC0-301F-11D3-BF4B-00C04F79EFBC}") = "ThirdApp", "ThirdApp\ThirdApp.csproj", "{7D5603C4-A80E-43FA-AAB0-8A065E35768B}"
EndProject
Global
	GlobalSection(SolutionConfigurationPlatforms) = preSolution
		Debug|Any CPU = Debug|Any CPU
		Release|Any CPU = Release|Any CPU
	EndGlobalSection
	GlobalSection(ProjectConfigurationPlatforms) = postSolution
		{7D5603C4-A80E-43FA-AAB0-8A065E35768B}.Debug|Any CPU.ActiveCfg = Debug|Any CPU
		{7D5603C4-A80E-43FA-AAB0-8A065E35768B}.Debug|Any CPU.Build.0 = Debug|Any CPU
		{7D5603C4-A80E-43FA-AAB0-8A065E35768B}.Debug|Any CPU.Deploy.0 = Debug|Any CPU
		{7D5603C4-A80E-43FA-AAB0-8A065E35768B}.Release|Any CPU.ActiveCfg = Release|Any CPU
		{7D5603C4-A80E-43FA-AAB0-8A065E35768B}.Release|Any CPU.Build.0 = Release|Any CPU
		{7D5603C4-A80E-43FA-AAB0-8A065E35768B}.Release|Any CPU.Deploy.0 = Release|Any CPU
	EndGlobalSection
	GlobalSection(SolutionProperties) = preSolution
		HideSolutionNode = FALSE
	EndGlobalSection
	GlobalSection(ExtensibilityGlobals) = postSolution
		SolutionGuid = {448D9D24-A009-46FF-9DB1-4DC0752E59CA}
	EndGlobalSection
EndGlobal
